
Microsoft Visual Studio Solution File, Format Version 12.00
# Visual Studio 15
VisualStudioVersion = 15.0.27004.2005
MinimumVisualStudioVersion = 10.0.40219.1
Project("{FAE04EC0-301F-11D3-BF4B-00C04F79EFBC}") = "Lab22.5", "Lab22.5\Lab22.5.csproj", "{26ED82E1-43A2-454D-8011-7530788821A6}"
EndProject
Global
	GlobalSection(SolutionConfigurationPlatforms) = preSolution
		Debug|Any CPU = Debug|Any CPU
		Release|Any CPU = Release|Any CPU
	EndGlobalSection
	GlobalSection(ProjectConfigurationPlatforms) = postSolution
		{26ED82E1-43A2-454D-8011-7530788821A6}.Debug|Any CPU.ActiveCfg = Debug|Any CPU
		{26ED82E1-43A2-454D-8011-7530788821A6}.Debug|Any CPU.Build.0 = Debug|Any CPU
		{26ED82E1-43A2-454D-8011-7530788821A6}.Release|Any CPU.ActiveCfg = Release|Any CPU
		{26ED82E1-43A2-454D-8011-7530788821A6}.Release|Any CPU.Build.0 = Release|Any CPU
	EndGlobalSection
	GlobalSection(SolutionProperties) = preSolution
		HideSolutionNode = FALSE
	EndGlobalSection
	GlobalSection(ExtensibilityGlobals) = postSolution
		SolutionGuid = {89106226-B37F-423A-8F86-5BAD338E9413}
	EndGlobalSection
EndGlobal
